
Microsoft Visual Studio Solution File, Format Version 12.00
# Visual Studio Version 17
VisualStudioVersion = 17.9.34728.123
MinimumVisualStudioVersion = 10.0.40219.1
Project("{FAE04EC0-301F-11D3-BF4B-00C04F79EFBC}") = "FactorySample15.03", "FctorySample15.03\FactorySample15.03.csproj", "{40698EB2-FE6E-49C9-9BA6-FCAF604DE7D0}"
EndProject
Global
	GlobalSection(SolutionConfigurationPlatforms) = preSolution
		Debug|Any CPU = Debug|Any CPU
		Release|Any CPU = Release|Any CPU
	EndGlobalSection
	GlobalSection(ProjectConfigurationPlatforms) = postSolution
		{40698EB2-FE6E-49C9-9BA6-FCAF604DE7D0}.Debug|Any CPU.ActiveCfg = Debug|Any CPU
		{40698EB2-FE6E-49C9-9BA6-FCAF604DE7D0}.Debug|Any CPU.Build.0 = Debug|Any CPU
		{40698EB2-FE6E-49C9-9BA6-FCAF604DE7D0}.Release|Any CPU.ActiveCfg = Release|Any CPU
		{40698EB2-FE6E-49C9-9BA6-FCAF604DE7D0}.Release|Any CPU.Build.0 = Release|Any CPU
	EndGlobalSection
	GlobalSection(SolutionProperties) = preSolution
		HideSolutionNode = FALSE
	EndGlobalSection
	GlobalSection(ExtensibilityGlobals) = postSolution
		SolutionGuid = {0B828D05-EFF6-4CCB-9774-E20ED78C94DC}
	EndGlobalSection
EndGlobal
